// !$*UTF8*$!
{
	archiveVersion = 1;
	classes = {
	};
	objectVersion = 46;
	objects = {

/* Begin PBXBuildFile section */
		81CBF1AC1E452D76008F5352 /* AppDelegate.swift in Sources */ = {isa = PBXBuildFile; fileRef = 81CBF1AB1E452D76008F5352 /* AppDelegate.swift */; };
		81CBF1AE1E452D76008F5352 /* ViewController.swift in Sources */ = {isa = PBXBuildFile; fileRef = 81CBF1AD1E452D76008F5352 /* ViewController.swift */; };
		81CBF1B11E452D77008F5352 /* Main.storyboard in Resources */ = {isa = PBXBuildFile; fileRef = 81CBF1AF1E452D77008F5352 /* Main.storyboard */; };
		81CBF1B31E452D77008F5352 /* Assets.xcassets in Resources */ = {isa = PBXBuildFile; fileRef = 81CBF1B21E452D77008F5352 /* Assets.xcassets */; };
		81CBF1B61E452D77008F5352 /* LaunchScreen.storyboard in Resources */ = {isa = PBXBuildFile; fileRef = 81CBF1B41E452D77008F5352 /* LaunchScreen.storyboard */; };
/* End PBXBuildFile section */

/* Begin PBXFileReference section */
		81CBF1A81E452D76008F5352 /* GitPractise.app */ = {isa = PBXFileReference; explicitFileType = wrapper.application; includeInIndex = 0; path = GitPractise.app; sourceTree = BUILT_PRODUCTS_DIR; };
		81CBF1AB1E452D76008F5352 /* AppDelegate.swift */ = {isa = PBXFileReference; lastKnownFileType = sourcecode.swift; path = AppDelegate.swift; sourceTree = "<group>"; };
		81CBF1AD1E452D76008F5352 /* ViewController.swift */ = {isa = PBXFileReference; lastKnownFileType = sourcecode.swift; path = ViewController.swift; sourceTree = "<group>"; };
		81CBF1B01E452D77008F5352 /* Base */ = {isa = PBXFileReference; lastKnownFileType = file.storyboard; name = Base; path = Base.lproj/Main.storyboard; sourceTree = "<group>"; };
		81CBF1B21E452D77008F5352 /* Assets.xcassets */ = {isa = PBXFileReference; lastKnownFileType = folder.assetcatalog; path = Assets.xcassets; sourceTree = "<group>"; };
		81CBF1B51E452D77008F5352 /* Base */ = {isa = PBXFileReference; lastKnownFileType = file.storyboard; name = Base; path = Base.lproj/LaunchScreen.storyboard; sourceTree = "<group>"; };
		81CBF1B71E452D77008F5352 /* Info.plist */ = {isa = PBXFileReference; lastKnownFileType = text.plist.xml; path = Info.plist; sourceTree = "<group>"; };
/* End PBXFileReference section */

/* Begin PBXFrameworksBuildPhase section */
		81CBF1A51E452D76008F5352 /* Frameworks */ = {
			isa = PBXFrameworksBuildPhase;
			buildActionMask = 2147483647;
			files = (
			);
			runOnlyForDeploymentPostprocessing = 0;
		};
/* End PBXFrameworksBuildPhase section */

/* Begin PBXGroup section */
		81CBF19F1E452D76008F5352 = {
			isa = PBXGroup;
			children = (
				81CBF1AA1E452D76008F5352 /* GitPractise */,
				81CBF1A91E452D76008F5352 /* Products */,
			);
			sourceTree = "<group>";
		};
		81CBF1A91E452D76008F5352 /* Products */ = {
			isa = PBXGroup;
			children = (
				81CBF1A81E452D76008F5352 /* GitPractise.app */,
			);
			name = Products;
			sourceTree = "<group>";
		};
		81CBF1AA1E452D76008F5352 /* GitPractise */ = {
			isa = PBXGroup;
			children = (
				81CBF1AB1E452D76008F5352 /* AppDelegate.swift */,
				81CBF1AD1E452D76008F5352 /* ViewController.swift */,
				81CBF1AF1E452D77008F5352 /* Main.storyboard */,
				81CBF1B21E452D77008F5352 /* Assets.xcassets */,
				81CBF1B41E452D77008F5352 /* LaunchScreen.storyboard */,
				81CBF1B71E452D77008F5352 /* Info.plist */,
			);
			path = GitPractise;
			sourceTree = "<group>";
		};
/* End PBXGroup section */

/* Begin PBXNativeTarget section */
		81CBF1A71E452D76008F5352 /* GitPractise */ = {
			isa = PBXNativeTarget;
			buildConfigurationList = 81CBF1BA1E452D77008F5352 /* Build configuration list for PBXNativeTarget "GitPractise" */;
			buildPhases = (
				81CBF1A41E452D76008F5352 /* Sources */,
				81CBF1A51E452D76008F5352 /* Frameworks */,
				81CBF1A61E452D76008F5352 /* Resources */,
			);
			buildRules = (
			);
			dependencies = (
			);
			name = GitPractise;
			productName = GitPractise;
			productReference = 81CBF1A81E452D76008F5352 /* GitPractise.app */;
			productType = "com.apple.product-type.application";
		};
/* End PBXNativeTarget section */

/* Begin PBXProject section */
		81CBF1A01E452D76008F5352 /* Project object */ = {
			isa = PBXProject;
			attributes = {
				LastSwiftUpdateCheck = 0820;
				LastUpgradeCheck = 0820;
				ORGANIZATIONNAME = "Sterling Mortensen";
				TargetAttributes = {
					81CBF1A71E452D76008F5352 = {
						CreatedOnToolsVersion = 8.2.1;
						ProvisioningStyle = Automatic;
					};
				};
			};
			buildConfigurationList = 81CBF1A31E452D76008F5352 /* Build configuration list for PBXProject "GitPractise" */;
			compatibilityVersion = "Xcode 3.2";
			developmentRegion = English;
			hasScannedForEncodings = 0;
			knownRegions = (
				en,
				Base,
			);
			mainGroup = 81CBF19F1E452D76008F5352;
			productRefGroup = 81CBF1A91E452D76008F5352 /* Products */;
			projectDirPath = "";
			projectRoot = "";
			targets = (
				81CBF1A71E452D76008F5352 /* GitPractise */,
			);
		};
/* End PBXProject section */

/* Begin PBXResourcesBuildPhase section */
		81CBF1A61E452D76008F5352 /* Resources */ = {
			isa = PBXResourcesBuildPhase;
			buildActionMask = 2147483647;
			files = (
				81CBF1B61E452D77008F5352 /* LaunchScreen.storyboard in Resources */,
				81CBF1B31E452D77008F5352 /* Assets.xcassets in Resources */,
				81CBF1B11E452D77008F5352 /* Main.storyboard in Resources */,
			);
			runOnlyForDeploymentPostprocessing = 0;
		};
/* End PBXResourcesBuildPhase section */

/* Begin PBXSourcesBuildPhase section */
		81CBF1A41E452D76008F5352 /* Sources */ = {
			isa = PBXSourcesBuildPhase;
			buildActionMask = 2147483647;
			files = (
				81CBF1AE1E452D76008F5352 /* ViewController.swift in Sources */,
				81CBF1AC1E452D76008F5352 /* AppDelegate.swift in Sources */,
			);
			runOnlyForDeploymentPostprocessing = 0;
		};
/* End PBXSourcesBuildPhase section */

/* Begin PBXVariantGroup section */
		81CBF1AF1E452D77008F5352 /* Main.storyboard */ = {
			isa = PBXVariantGroup;
			children = (
				81CBF1B01E452D77008F5352 /* Base */,
			);
			name = Main.storyboard;
			sourceTree = "<group>";
		};
		81CBF1B41E452D77008F5352 /* LaunchScreen.storyboard */ = {
			isa = PBXVariantGroup;
			children = (
				81CBF1B51E452D77008F5352 /* Base */,
			);
			name = LaunchScreen.storyboard;
			sourceTree = "<group>";
		};
/* End PBXVariantGroup section */

/* Begin XCBuildConfiguration section */
		81CBF1B81E452D77008F5352 /* Debug */ = {
			isa = XCBuildConfiguration;
			buildSettings = {
				ALWAYS_SEARCH_USER_PATHS = NO;
				CLANG_ANALYZER_NONNULL = YES;
				CLANG_CXX_LANGUAGE_STANDARD = "gnu++0x";
				CLANG_CXX_LIBRARY = "libc++";
				CLANG_ENABLE_MODULES = YES;
				CLANG_ENABLE_OBJC_ARC = YES;
				CLANG_WARN_BOOL_CONVERSION = YES;
				CLANG_WARN_CONSTANT_CONVERSION = YES;
				CLANG_WARN_DIRECT_OBJC_ISA_USAGE = YES_ERROR;
				CLANG_WARN_DOCUMENTATION_COMMENTS = YES;
				CLANG_WARN_EMPTY_BODY = YES;
				CLANG_WARN_ENUM_CONVERSION = YES;
				CLANG_WARN_INFINITE_RECURSION = YES;
				CLANG_WARN_INT_CONVERSION = YES;
				CLANG_WARN_OBJC_ROOT_CLASS = YES_ERROR;
				CLANG_WARN_SUSPICIOUS_MOVE = YES;
				CLANG_WARN_UNREACHABLE_CODE = YES;
				CLANG_WARN__DUPLICATE_METHOD_MATCH = YES;
				"CODE_SIGN_IDENTITY[sdk=iphoneos*]" = "iPhone Developer";
				COPY_PHASE_STRIP = NO;
				DEBUG_INFORMATION_FORMAT = dwarf;
				ENABLE_STRICT_OBJC_MSGSEND = YES;
				ENABLE_TESTABILITY = YES;
				GCC_C_LANGUAGE_STANDARD = gnu99;
				GCC_DYNAMIC_NO_PIC = NO;
				GCC_NO_COMMON_BLOCKS = YES;
				GCC_OPTIMIZATION_LEVEL = 0;
				GCC_PREPROCESSOR_DEFINITIONS = (
					"DEBUG=1",
					"$(inherited)",
				);
				GCC_WARN_64_TO_32_BIT_CONVERSION = YES;
				GCC_WARN_ABOUT_RETURN_TYPE = YES_ERROR;
				GCC_WARN_UNDECLARED_SELECTOR = YES;
				GCC_WARN_UNINITIALIZED_AUTOS = YES_AGGRESSIVE;
				GCC_WARN_UNUSED_FUNCTION = YES;
				GCC_WARN_UNUSED_VARIABLE = YES;
				IPHONEOS_DEPLOYMENT_TARGET = 10.2;
				MTL_ENABLE_DEBUG_INFO = YES;
				ONLY_ACTIVE_ARCH = YES;
				SDKROOT = iphoneos;
				SWIFT_ACTIVE_COMPILATION_CONDITIONS = DEBUG;
				SWIFT_OPTIMIZATION_LEVEL = "-Onone";
				TARGETED_DEVICE_FAMILY = "1,2";
			};
			name = Debug;
		};
		81CBF1B91E452D77008F5352 /* Release */ = {
			isa = XCBuildConfiguration;
			buildSettings = {
				ALWAYS_SEARCH_USER_PATHS = NO;
				CLANG_ANALYZER_NONNULL = YES;
				CLANG_CXX_LANGUAGE_STANDARD = "gnu++0x";
				CLANG_CXX_LIBRARY = "libc++";
				CLANG_ENABLE_MODULES = YES;
				CLANG_ENABLE_OBJC_ARC = YES;
				CLANG_WARN_BOOL_CONVERSION = YES;
				CLANG_WARN_CONSTANT_CONVERSION = YES;
				CLANG_WARN_DIRECT_OBJC_ISA_USAGE = YES_ERROR;
				CLANG_WARN_DOCUMENTATION_COMMENTS = YES;
				CLANG_WARN_EMPTY_BODY = YES;
				CLANG_WARN_ENUM_CONVERSION = YES;
				CLANG_WARN_INFINITE_RECURSION = YES;
				CLANG_WARN_INT_CONVERSION = YES;
				CLANG_WARN_OBJC_ROOT_CLASS = YES_ERROR;
				CLANG_WARN_SUSPICIOUS_MOVE = YES;
				CLANG_WARN_UNREACHABLE_CODE = YES;
				CLANG_WARN__DUPLICATE_METHOD_MATCH = YES;
				"CODE_SIGN_IDENTITY[sdk=iphoneos*]" = "iPhone Developer";
				COPY_PHASE_STRIP = NO;
				DEBUG_INFORMATION_FORMAT = "dwarf-with-dsym";
				ENABLE_NS_ASSERTIONS = NO;
				ENABLE_STRICT_OBJC_MSGSEND = YES;
				GCC_C_LANGUAGE_STANDARD = gnu99;
				GCC_NO_COMMON_BLOCKS = YES;
				GCC_WARN_64_TO_32_BIT_CONVERSION = YES;
				GCC_WARN_ABOUT_RETURN_TYPE = YES_ERROR;
				GCC_WARN_UNDECLARED_SELECTOR = YES;
				GCC_WARN_UNINITIALIZED_AUTOS = YES_AGGRESSIVE;
				GCC_WARN_UNUSED_FUNCTION = YES;
				GCC_WARN_UNUSED_VARIABLE = YES;
				IPHONEOS_DEPLOYMENT_TARGET = 10.2;
				MTL_ENABLE_DEBUG_INFO = NO;
				SDKROOT = iphoneos;
				SWIFT_OPTIMIZATION_LEVEL = "-Owholemodule";
				TARGETED_DEVICE_FAMILY = "1,2";
				VALIDATE_PRODUCT = YES;
			};
			name = Release;
		};
		81CBF1BB1E452D77008F5352 /* Debug */ = {
			isa = XCBuildConfiguration;
			buildSettings = {
				ASSETCATALOG_COMPILER_APPICON_NAME = AppIcon;
				INFOPLIST_FILE = GitPractise/Info.plist;
				LD_RUNPATH_SEARCH_PATHS = "$(inherited) @executable_path/Frameworks";
				PRODUCT_BUNDLE_IDENTIFIER = com.example.GitPractise;
				PRODUCT_NAME = "$(TARGET_NAME)";
				SWIFT_VERSION = 3.0;
			};
			name = Debug;
		};
		81CBF1BC1E452D77008F5352 /* Release */ = {
			isa = XCBuildConfiguration;
			buildSettings = {
				ASSETCATALOG_COMPILER_APPICON_NAME = AppIcon;
				INFOPLIST_FILE = GitPractise/Info.plist;
				LD_RUNPATH_SEARCH_PATHS = "$(inherited) @executable_path/Frameworks";
				PRODUCT_BUNDLE_IDENTIFIER = com.example.GitPractise;
				PRODUCT_NAME = "$(TARGET_NAME)";
				SWIFT_VERSION = 3.0;
			};
			name = Release;
		};
/* End XCBuildConfiguration section */

/* Begin XCConfigurationList section */
		81CBF1A31E452D76008F5352 /* Build configuration list for PBXProject "GitPractise" */ = {
			isa = XCConfigurationList;
			buildConfigurations = (
				81CBF1B81E452D77008F5352 /* Debug */,
				81CBF1B91E452D77008F5352 /* Release */,
			);
			defaultConfigurationIsVisible = 0;
			defaultConfigurationName = Release;
		};
		81CBF1BA1E452D77008F5352 /* Build configuration list for PBXNativeTarget "GitPractise" */ = {
			isa = XCConfigurationList;
			buildConfigurations = (
				81CBF1BB1E452D77008F5352 /* Debug */,
				81CBF1BC1E452D77008F5352 /* Release */,
			);
			defaultConfigurationIsVisible = 0;
		};
/* End XCConfigurationList section */
	};
	rootObject = 81CBF1A01E452D76008F5352 /* Project object */;
}
